
Microsoft Visual Studio Solution File, Format Version 12.00
# Visual Studio Version 17
VisualStudioVersion = 17.7.34018.315
MinimumVisualStudioVersion = 10.0.40219.1
Project("{FAE04EC0-301F-11D3-BF4B-00C04F79EFBC}") = "LAB-C3", "LAB-C3\LAB-C3.csproj", "{BFAFBAE5-14F5-4F8D-A27A-4514903F7896}"
EndProject
Global
	GlobalSection(SolutionConfigurationPlatforms) = preSolution
		Debug|Any CPU = Debug|Any CPU
		Release|Any CPU = Release|Any CPU
	EndGlobalSection
	GlobalSection(ProjectConfigurationPlatforms) = postSolution
		{BFAFBAE5-14F5-4F8D-A27A-4514903F7896}.Debug|Any CPU.ActiveCfg = Debug|Any CPU
		{BFAFBAE5-14F5-4F8D-A27A-4514903F7896}.Debug|Any CPU.Build.0 = Debug|Any CPU
		{BFAFBAE5-14F5-4F8D-A27A-4514903F7896}.Release|Any CPU.ActiveCfg = Release|Any CPU
		{BFAFBAE5-14F5-4F8D-A27A-4514903F7896}.Release|Any CPU.Build.0 = Release|Any CPU
	EndGlobalSection
	GlobalSection(SolutionProperties) = preSolution
		HideSolutionNode = FALSE
	EndGlobalSection
	GlobalSection(ExtensibilityGlobals) = postSolution
		SolutionGuid = {777D1667-76DE-4464-8F81-0D9A0C25BF6C}
	EndGlobalSection
EndGlobal
